
Microsoft Visual Studio Solution File, Format Version 12.00
# Visual Studio Version 17
VisualStudioVersion = 17.5.33627.172
MinimumVisualStudioVersion = 10.0.40219.1
Project("{9A19103F-16F7-4668-BE54-9A1E7A4F7556}") = "WorkerContracts", "WorkerContracts\WorkerContracts.csproj", "{1D0B934F-3A70-4181-8F84-851BE5C61640}"
EndProject
Project("{FAE04EC0-301F-11D3-BF4B-00C04F79EFBC}") = "Inheritance1", "Inheritance1\Inheritance1.csproj", "{4179719B-209F-4E44-8F29-2603A40D5097}"
EndProject
Project("{FAE04EC0-301F-11D3-BF4B-00C04F79EFBC}") = "EmployeesPayments", "EmployeesPayments\EmployeesPayments.csproj", "{C96693A6-D1A8-4AF6-A7ED-86A9157BBF5E}"
EndProject
Project("{FAE04EC0-301F-11D3-BF4B-00C04F79EFBC}") = "HotelReservation", "HotelReservation\HotelReservation.csproj", "{111B92C2-77BE-49D5-9C93-DC987D903532}"
EndProject
Project("{FAE04EC0-301F-11D3-BF4B-00C04F79EFBC}") = "Files1", "Files1\Files1.csproj", "{EAEFA909-0CB5-4B9D-A93D-8E064E174152}"
EndProject
Project("{FAE04EC0-301F-11D3-BF4B-00C04F79EFBC}") = "Files2", "Files2\Files2.csproj", "{15203640-44AB-4F3B-93A4-C92FCA0C1314}"
EndProject
Project("{FAE04EC0-301F-11D3-BF4B-00C04F79EFBC}") = "Files3", "Files3\Files3.csproj", "{847AFC56-7A52-44CA-A25C-79802290DC7E}"
EndProject
Global
	GlobalSection(SolutionConfigurationPlatforms) = preSolution
		Debug|Any CPU = Debug|Any CPU
		Release|Any CPU = Release|Any CPU
	EndGlobalSection
	GlobalSection(ProjectConfigurationPlatforms) = postSolution
		{1D0B934F-3A70-4181-8F84-851BE5C61640}.Debug|Any CPU.ActiveCfg = Debug|Any CPU
		{1D0B934F-3A70-4181-8F84-851BE5C61640}.Debug|Any CPU.Build.0 = Debug|Any CPU
		{1D0B934F-3A70-4181-8F84-851BE5C61640}.Release|Any CPU.ActiveCfg = Release|Any CPU
		{1D0B934F-3A70-4181-8F84-851BE5C61640}.Release|Any CPU.Build.0 = Release|Any CPU
		{4179719B-209F-4E44-8F29-2603A40D5097}.Debug|Any CPU.ActiveCfg = Debug|Any CPU
		{4179719B-209F-4E44-8F29-2603A40D5097}.Debug|Any CPU.Build.0 = Debug|Any CPU
		{4179719B-209F-4E44-8F29-2603A40D5097}.Release|Any CPU.ActiveCfg = Release|Any CPU
		{4179719B-209F-4E44-8F29-2603A40D5097}.Release|Any CPU.Build.0 = Release|Any CPU
		{C96693A6-D1A8-4AF6-A7ED-86A9157BBF5E}.Debug|Any CPU.ActiveCfg = Debug|Any CPU
		{C96693A6-D1A8-4AF6-A7ED-86A9157BBF5E}.Debug|Any CPU.Build.0 = Debug|Any CPU
		{C96693A6-D1A8-4AF6-A7ED-86A9157BBF5E}.Release|Any CPU.ActiveCfg = Release|Any CPU
		{C96693A6-D1A8-4AF6-A7ED-86A9157BBF5E}.Release|Any CPU.Build.0 = Release|Any CPU
		{111B92C2-77BE-49D5-9C93-DC987D903532}.Debug|Any CPU.ActiveCfg = Debug|Any CPU
		{111B92C2-77BE-49D5-9C93-DC987D903532}.Debug|Any CPU.Build.0 = Debug|Any CPU
		{111B92C2-77BE-49D5-9C93-DC987D903532}.Release|Any CPU.ActiveCfg = Release|Any CPU
		{111B92C2-77BE-49D5-9C93-DC987D903532}.Release|Any CPU.Build.0 = Release|Any CPU
		{EAEFA909-0CB5-4B9D-A93D-8E064E174152}.Debug|Any CPU.ActiveCfg = Debug|Any CPU
		{EAEFA909-0CB5-4B9D-A93D-8E064E174152}.Debug|Any CPU.Build.0 = Debug|Any CPU
		{EAEFA909-0CB5-4B9D-A93D-8E064E174152}.Release|Any CPU.ActiveCfg = Release|Any CPU
		{EAEFA909-0CB5-4B9D-A93D-8E064E174152}.Release|Any CPU.Build.0 = Release|Any CPU
		{15203640-44AB-4F3B-93A4-C92FCA0C1314}.Debug|Any CPU.ActiveCfg = Debug|Any CPU
		{15203640-44AB-4F3B-93A4-C92FCA0C1314}.Debug|Any CPU.Build.0 = Debug|Any CPU
		{15203640-44AB-4F3B-93A4-C92FCA0C1314}.Release|Any CPU.ActiveCfg = Release|Any CPU
		{15203640-44AB-4F3B-93A4-C92FCA0C1314}.Release|Any CPU.Build.0 = Release|Any CPU
		{847AFC56-7A52-44CA-A25C-79802290DC7E}.Debug|Any CPU.ActiveCfg = Debug|Any CPU
		{847AFC56-7A52-44CA-A25C-79802290DC7E}.Debug|Any CPU.Build.0 = Debug|Any CPU
		{847AFC56-7A52-44CA-A25C-79802290DC7E}.Release|Any CPU.ActiveCfg = Release|Any CPU
		{847AFC56-7A52-44CA-A25C-79802290DC7E}.Release|Any CPU.Build.0 = Release|Any CPU
	EndGlobalSection
	GlobalSection(SolutionProperties) = preSolution
		HideSolutionNode = FALSE
	EndGlobalSection
	GlobalSection(ExtensibilityGlobals) = postSolution
		SolutionGuid = {0203E790-D90E-4191-8C1E-DA2A9E7ED519}
	EndGlobalSection
EndGlobal
