
Microsoft Visual Studio Solution File, Format Version 12.00
# Visual Studio Version 17
VisualStudioVersion = 17.5.33627.172
MinimumVisualStudioVersion = 10.0.40219.1
Project("{9A19103F-16F7-4668-BE54-9A1E7A4F7556}") = "WorkerContracts", "WorkerContracts\WorkerContracts.csproj", "{1D0B934F-3A70-4181-8F84-851BE5C61640}"
EndProject
Project("{9A19103F-16F7-4668-BE54-9A1E7A4F7556}") = "Inheritance1", "Inheritance1\Inheritance1.csproj", "{4179719B-209F-4E44-8F29-2603A40D5097}"
EndProject
Project("{9A19103F-16F7-4668-BE54-9A1E7A4F7556}") = "EmployeesPayments", "EmployeesPayments\EmployeesPayments.csproj", "{C96693A6-D1A8-4AF6-A7ED-86A9157BBF5E}"
EndProject
Project("{9A19103F-16F7-4668-BE54-9A1E7A4F7556}") = "HotelReservation", "HotelReservation\HotelReservation.csproj", "{111B92C2-77BE-49D5-9C93-DC987D903532}"
EndProject
Project("{9A19103F-16F7-4668-BE54-9A1E7A4F7556}") = "Files1", "Files1\Files1.csproj", "{EAEFA909-0CB5-4B9D-A93D-8E064E174152}"
EndProject
Project("{9A19103F-16F7-4668-BE54-9A1E7A4F7556}") = "Files2", "Files2\Files2.csproj", "{15203640-44AB-4F3B-93A4-C92FCA0C1314}"
EndProject
Project("{9A19103F-16F7-4668-BE54-9A1E7A4F7556}") = "Files3", "Files3\Files3.csproj", "{847AFC56-7A52-44CA-A25C-79802290DC7E}"
EndProject
Project("{9A19103F-16F7-4668-BE54-9A1E7A4F7556}") = "Files4", "Files4\Files4.csproj", "{ACC4FC9F-D724-4AD2-9502-A733DD573F46}"
EndProject
Project("{9A19103F-16F7-4668-BE54-9A1E7A4F7556}") = "Files5", "Files5\Files5.csproj", "{A6B1B157-1B38-41A3-A4BA-37CFBF90B4C2}"
EndProject
Project("{FAE04EC0-301F-11D3-BF4B-00C04F79EFBC}") = "CarRentalWithoutInterface", "CarRentalWithoutInterface\CarRentalWithoutInterface.csproj", "{A39CCE36-8C4D-4AB7-B93B-5CA06F574798}"
EndProject
Project("{FAE04EC0-301F-11D3-BF4B-00C04F79EFBC}") = "CarRentalWithInterface", "CarRentalWithInterface\CarRentalWithInterface.csproj", "{60DED395-E306-4AF2-A305-DA668FFBCB8D}"
EndProject
Project("{FAE04EC0-301F-11D3-BF4B-00C04F79EFBC}") = "Generics1", "Generics1\Generics1.csproj", "{668B9BF3-C4E3-40C6-9937-A18E1BA4AAE3}"
EndProject
Project("{FAE04EC0-301F-11D3-BF4B-00C04F79EFBC}") = "Generic2", "Generic2\Generic2.csproj", "{67F36147-3A9C-4401-9B52-3F55CE8F9E4B}"
EndProject
Project("{FAE04EC0-301F-11D3-BF4B-00C04F79EFBC}") = "HashCode_Equals", "HashCode&Equals\HashCode_Equals.csproj", "{3A9AA8C0-91A8-4674-BD3A-58D796F4FD8A}"
EndProject
Project("{FAE04EC0-301F-11D3-BF4B-00C04F79EFBC}") = "Set1", "Set1\Set1.csproj", "{C69F2C2C-B16B-4B28-9BF1-55E23DF6566F}"
EndProject
Project("{FAE04EC0-301F-11D3-BF4B-00C04F79EFBC}") = "Dictionary1", "Dictionary1\Dictionary1.csproj", "{9C68E22B-D0AA-408D-A530-C6CBFB4C3AD7}"
EndProject
Project("{FAE04EC0-301F-11D3-BF4B-00C04F79EFBC}") = "ExtensionMethod1", "ExtensionMethod1\ExtensionMethod1.csproj", "{757101C8-60AB-4171-9087-2226DF140384}"
EndProject
Project("{FAE04EC0-301F-11D3-BF4B-00C04F79EFBC}") = "Delegate1", "Delegate1\Delegate1.csproj", "{AB202EAD-8C06-4067-A954-17DAF379F336}"
EndProject
Project("{FAE04EC0-301F-11D3-BF4B-00C04F79EFBC}") = "Linq1", "Linq1\Linq1.csproj", "{DBF99892-8811-4274-9A42-D2CD1509ECC5}"
EndProject
Global
	GlobalSection(SolutionConfigurationPlatforms) = preSolution
		Debug|Any CPU = Debug|Any CPU
		Release|Any CPU = Release|Any CPU
	EndGlobalSection
	GlobalSection(ProjectConfigurationPlatforms) = postSolution
		{1D0B934F-3A70-4181-8F84-851BE5C61640}.Debug|Any CPU.ActiveCfg = Debug|Any CPU
		{1D0B934F-3A70-4181-8F84-851BE5C61640}.Debug|Any CPU.Build.0 = Debug|Any CPU
		{1D0B934F-3A70-4181-8F84-851BE5C61640}.Release|Any CPU.ActiveCfg = Release|Any CPU
		{1D0B934F-3A70-4181-8F84-851BE5C61640}.Release|Any CPU.Build.0 = Release|Any CPU
		{4179719B-209F-4E44-8F29-2603A40D5097}.Debug|Any CPU.ActiveCfg = Debug|Any CPU
		{4179719B-209F-4E44-8F29-2603A40D5097}.Debug|Any CPU.Build.0 = Debug|Any CPU
		{4179719B-209F-4E44-8F29-2603A40D5097}.Release|Any CPU.ActiveCfg = Release|Any CPU
		{4179719B-209F-4E44-8F29-2603A40D5097}.Release|Any CPU.Build.0 = Release|Any CPU
		{C96693A6-D1A8-4AF6-A7ED-86A9157BBF5E}.Debug|Any CPU.ActiveCfg = Debug|Any CPU
		{C96693A6-D1A8-4AF6-A7ED-86A9157BBF5E}.Debug|Any CPU.Build.0 = Debug|Any CPU
		{C96693A6-D1A8-4AF6-A7ED-86A9157BBF5E}.Release|Any CPU.ActiveCfg = Release|Any CPU
		{C96693A6-D1A8-4AF6-A7ED-86A9157BBF5E}.Release|Any CPU.Build.0 = Release|Any CPU
		{111B92C2-77BE-49D5-9C93-DC987D903532}.Debug|Any CPU.ActiveCfg = Debug|Any CPU
		{111B92C2-77BE-49D5-9C93-DC987D903532}.Debug|Any CPU.Build.0 = Debug|Any CPU
		{111B92C2-77BE-49D5-9C93-DC987D903532}.Release|Any CPU.ActiveCfg = Release|Any CPU
		{111B92C2-77BE-49D5-9C93-DC987D903532}.Release|Any CPU.Build.0 = Release|Any CPU
		{EAEFA909-0CB5-4B9D-A93D-8E064E174152}.Debug|Any CPU.ActiveCfg = Debug|Any CPU
		{EAEFA909-0CB5-4B9D-A93D-8E064E174152}.Debug|Any CPU.Build.0 = Debug|Any CPU
		{EAEFA909-0CB5-4B9D-A93D-8E064E174152}.Release|Any CPU.ActiveCfg = Release|Any CPU
		{EAEFA909-0CB5-4B9D-A93D-8E064E174152}.Release|Any CPU.Build.0 = Release|Any CPU
		{15203640-44AB-4F3B-93A4-C92FCA0C1314}.Debug|Any CPU.ActiveCfg = Debug|Any CPU
		{15203640-44AB-4F3B-93A4-C92FCA0C1314}.Debug|Any CPU.Build.0 = Debug|Any CPU
		{15203640-44AB-4F3B-93A4-C92FCA0C1314}.Release|Any CPU.ActiveCfg = Release|Any CPU
		{15203640-44AB-4F3B-93A4-C92FCA0C1314}.Release|Any CPU.Build.0 = Release|Any CPU
		{847AFC56-7A52-44CA-A25C-79802290DC7E}.Debug|Any CPU.ActiveCfg = Debug|Any CPU
		{847AFC56-7A52-44CA-A25C-79802290DC7E}.Debug|Any CPU.Build.0 = Debug|Any CPU
		{847AFC56-7A52-44CA-A25C-79802290DC7E}.Release|Any CPU.ActiveCfg = Release|Any CPU
		{847AFC56-7A52-44CA-A25C-79802290DC7E}.Release|Any CPU.Build.0 = Release|Any CPU
		{ACC4FC9F-D724-4AD2-9502-A733DD573F46}.Debug|Any CPU.ActiveCfg = Debug|Any CPU
		{ACC4FC9F-D724-4AD2-9502-A733DD573F46}.Debug|Any CPU.Build.0 = Debug|Any CPU
		{ACC4FC9F-D724-4AD2-9502-A733DD573F46}.Release|Any CPU.ActiveCfg = Release|Any CPU
		{ACC4FC9F-D724-4AD2-9502-A733DD573F46}.Release|Any CPU.Build.0 = Release|Any CPU
		{A6B1B157-1B38-41A3-A4BA-37CFBF90B4C2}.Debug|Any CPU.ActiveCfg = Debug|Any CPU
		{A6B1B157-1B38-41A3-A4BA-37CFBF90B4C2}.Debug|Any CPU.Build.0 = Debug|Any CPU
		{A6B1B157-1B38-41A3-A4BA-37CFBF90B4C2}.Release|Any CPU.ActiveCfg = Release|Any CPU
		{A6B1B157-1B38-41A3-A4BA-37CFBF90B4C2}.Release|Any CPU.Build.0 = Release|Any CPU
		{A39CCE36-8C4D-4AB7-B93B-5CA06F574798}.Debug|Any CPU.ActiveCfg = Debug|Any CPU
		{A39CCE36-8C4D-4AB7-B93B-5CA06F574798}.Debug|Any CPU.Build.0 = Debug|Any CPU
		{A39CCE36-8C4D-4AB7-B93B-5CA06F574798}.Release|Any CPU.ActiveCfg = Release|Any CPU
		{A39CCE36-8C4D-4AB7-B93B-5CA06F574798}.Release|Any CPU.Build.0 = Release|Any CPU
		{60DED395-E306-4AF2-A305-DA668FFBCB8D}.Debug|Any CPU.ActiveCfg = Debug|Any CPU
		{60DED395-E306-4AF2-A305-DA668FFBCB8D}.Debug|Any CPU.Build.0 = Debug|Any CPU
		{60DED395-E306-4AF2-A305-DA668FFBCB8D}.Release|Any CPU.ActiveCfg = Release|Any CPU
		{60DED395-E306-4AF2-A305-DA668FFBCB8D}.Release|Any CPU.Build.0 = Release|Any CPU
		{668B9BF3-C4E3-40C6-9937-A18E1BA4AAE3}.Debug|Any CPU.ActiveCfg = Debug|Any CPU
		{668B9BF3-C4E3-40C6-9937-A18E1BA4AAE3}.Debug|Any CPU.Build.0 = Debug|Any CPU
		{668B9BF3-C4E3-40C6-9937-A18E1BA4AAE3}.Release|Any CPU.ActiveCfg = Release|Any CPU
		{668B9BF3-C4E3-40C6-9937-A18E1BA4AAE3}.Release|Any CPU.Build.0 = Release|Any CPU
		{67F36147-3A9C-4401-9B52-3F55CE8F9E4B}.Debug|Any CPU.ActiveCfg = Debug|Any CPU
		{67F36147-3A9C-4401-9B52-3F55CE8F9E4B}.Debug|Any CPU.Build.0 = Debug|Any CPU
		{67F36147-3A9C-4401-9B52-3F55CE8F9E4B}.Release|Any CPU.ActiveCfg = Release|Any CPU
		{67F36147-3A9C-4401-9B52-3F55CE8F9E4B}.Release|Any CPU.Build.0 = Release|Any CPU
		{3A9AA8C0-91A8-4674-BD3A-58D796F4FD8A}.Debug|Any CPU.ActiveCfg = Debug|Any CPU
		{3A9AA8C0-91A8-4674-BD3A-58D796F4FD8A}.Debug|Any CPU.Build.0 = Debug|Any CPU
		{3A9AA8C0-91A8-4674-BD3A-58D796F4FD8A}.Release|Any CPU.ActiveCfg = Release|Any CPU
		{3A9AA8C0-91A8-4674-BD3A-58D796F4FD8A}.Release|Any CPU.Build.0 = Release|Any CPU
		{C69F2C2C-B16B-4B28-9BF1-55E23DF6566F}.Debug|Any CPU.ActiveCfg = Debug|Any CPU
		{C69F2C2C-B16B-4B28-9BF1-55E23DF6566F}.Debug|Any CPU.Build.0 = Debug|Any CPU
		{C69F2C2C-B16B-4B28-9BF1-55E23DF6566F}.Release|Any CPU.ActiveCfg = Release|Any CPU
		{C69F2C2C-B16B-4B28-9BF1-55E23DF6566F}.Release|Any CPU.Build.0 = Release|Any CPU
		{9C68E22B-D0AA-408D-A530-C6CBFB4C3AD7}.Debug|Any CPU.ActiveCfg = Debug|Any CPU
		{9C68E22B-D0AA-408D-A530-C6CBFB4C3AD7}.Debug|Any CPU.Build.0 = Debug|Any CPU
		{9C68E22B-D0AA-408D-A530-C6CBFB4C3AD7}.Release|Any CPU.ActiveCfg = Release|Any CPU
		{9C68E22B-D0AA-408D-A530-C6CBFB4C3AD7}.Release|Any CPU.Build.0 = Release|Any CPU
		{757101C8-60AB-4171-9087-2226DF140384}.Debug|Any CPU.ActiveCfg = Debug|Any CPU
		{757101C8-60AB-4171-9087-2226DF140384}.Debug|Any CPU.Build.0 = Debug|Any CPU
		{757101C8-60AB-4171-9087-2226DF140384}.Release|Any CPU.ActiveCfg = Release|Any CPU
		{757101C8-60AB-4171-9087-2226DF140384}.Release|Any CPU.Build.0 = Release|Any CPU
		{AB202EAD-8C06-4067-A954-17DAF379F336}.Debug|Any CPU.ActiveCfg = Debug|Any CPU
		{AB202EAD-8C06-4067-A954-17DAF379F336}.Debug|Any CPU.Build.0 = Debug|Any CPU
		{AB202EAD-8C06-4067-A954-17DAF379F336}.Release|Any CPU.ActiveCfg = Release|Any CPU
		{AB202EAD-8C06-4067-A954-17DAF379F336}.Release|Any CPU.Build.0 = Release|Any CPU
		{DBF99892-8811-4274-9A42-D2CD1509ECC5}.Debug|Any CPU.ActiveCfg = Debug|Any CPU
		{DBF99892-8811-4274-9A42-D2CD1509ECC5}.Debug|Any CPU.Build.0 = Debug|Any CPU
		{DBF99892-8811-4274-9A42-D2CD1509ECC5}.Release|Any CPU.ActiveCfg = Release|Any CPU
		{DBF99892-8811-4274-9A42-D2CD1509ECC5}.Release|Any CPU.Build.0 = Release|Any CPU
	EndGlobalSection
	GlobalSection(SolutionProperties) = preSolution
		HideSolutionNode = FALSE
	EndGlobalSection
	GlobalSection(ExtensibilityGlobals) = postSolution
		SolutionGuid = {0203E790-D90E-4191-8C1E-DA2A9E7ED519}
	EndGlobalSection
EndGlobal
